
Microsoft Visual Studio Solution File, Format Version 12.00
# Visual Studio 14
VisualStudioVersion = 14.0.24720.0
MinimumVisualStudioVersion = 10.0.40219.1
Project("{FAE04EC0-301F-11D3-BF4B-00C04F79EFBC}") = "RodrigoDeveloper.Web", "RodrigoDeveloper.Web\RodrigoDeveloper.Web.csproj", "{EB6CA398-EED4-447E-B36E-4AFC279BEB3E}"
EndProject
Project("{FAE04EC0-301F-11D3-BF4B-00C04F79EFBC}") = "RodrigoDeveloper.Dominio", "RodrigoDeveloper.Dominio\RodrigoDeveloper.Dominio.csproj", "{0E9C9E72-F8A2-412C-8486-096F95146456}"
EndProject
Global
	GlobalSection(SolutionConfigurationPlatforms) = preSolution
		Debug|Any CPU = Debug|Any CPU
		Release|Any CPU = Release|Any CPU
	EndGlobalSection
	GlobalSection(ProjectConfigurationPlatforms) = postSolution
		{EB6CA398-EED4-447E-B36E-4AFC279BEB3E}.Debug|Any CPU.ActiveCfg = Debug|Any CPU
		{EB6CA398-EED4-447E-B36E-4AFC279BEB3E}.Debug|Any CPU.Build.0 = Debug|Any CPU
		{EB6CA398-EED4-447E-B36E-4AFC279BEB3E}.Release|Any CPU.ActiveCfg = Release|Any CPU
		{EB6CA398-EED4-447E-B36E-4AFC279BEB3E}.Release|Any CPU.Build.0 = Release|Any CPU
		{0E9C9E72-F8A2-412C-8486-096F95146456}.Debug|Any CPU.ActiveCfg = Debug|Any CPU
		{0E9C9E72-F8A2-412C-8486-096F95146456}.Debug|Any CPU.Build.0 = Debug|Any CPU
		{0E9C9E72-F8A2-412C-8486-096F95146456}.Release|Any CPU.ActiveCfg = Release|Any CPU
		{0E9C9E72-F8A2-412C-8486-096F95146456}.Release|Any CPU.Build.0 = Release|Any CPU
	EndGlobalSection
	GlobalSection(SolutionProperties) = preSolution
		HideSolutionNode = FALSE
	EndGlobalSection
EndGlobal
